
Microsoft Visual Studio Solution File, Format Version 12.00
# Visual Studio Version 17
VisualStudioVersion = 17.8.34330.188
MinimumVisualStudioVersion = 10.0.40219.1
Project("{FAE04EC0-301F-11D3-BF4B-00C04F79EFBC}") = "inventory-management.API", "inventory-management.API\inventory-management.API.csproj", "{BD1C1F6D-C7E2-4427-B8FB-8B220BC1C1A8}"
EndProject
Global
	GlobalSection(SolutionConfigurationPlatforms) = preSolution
		Debug|Any CPU = Debug|Any CPU
		Release|Any CPU = Release|Any CPU
	EndGlobalSection
	GlobalSection(ProjectConfigurationPlatforms) = postSolution
		{BD1C1F6D-C7E2-4427-B8FB-8B220BC1C1A8}.Debug|Any CPU.ActiveCfg = Debug|Any CPU
		{BD1C1F6D-C7E2-4427-B8FB-8B220BC1C1A8}.Debug|Any CPU.Build.0 = Debug|Any CPU
		{BD1C1F6D-C7E2-4427-B8FB-8B220BC1C1A8}.Release|Any CPU.ActiveCfg = Release|Any CPU
		{BD1C1F6D-C7E2-4427-B8FB-8B220BC1C1A8}.Release|Any CPU.Build.0 = Release|Any CPU
	EndGlobalSection
	GlobalSection(SolutionProperties) = preSolution
		HideSolutionNode = FALSE
	EndGlobalSection
	GlobalSection(ExtensibilityGlobals) = postSolution
		SolutionGuid = {8CAD6925-2D5D-4501-940A-B3706E7D986C}
	EndGlobalSection
EndGlobal
